// !$*UTF8*$!
{
	archiveVersion = 1;
	classes = {
	};
	objectVersion = 50;
	objects = {

/* Begin PBXBuildFile section */
		4362603024605106005E6BF5 /* AppDelegate.swift in Sources */ = {isa = PBXBuildFile; fileRef = 4362602F24605106005E6BF5 /* AppDelegate.swift */; };
		4362603224605106005E6BF5 /* GameScene.sks in Resources */ = {isa = PBXBuildFile; fileRef = 4362603124605106005E6BF5 /* GameScene.sks */; };
		4362603424605106005E6BF5 /* Actions.sks in Resources */ = {isa = PBXBuildFile; fileRef = 4362603324605106005E6BF5 /* Actions.sks */; };
		4362603624605106005E6BF5 /* GameScene.swift in Sources */ = {isa = PBXBuildFile; fileRef = 4362603524605106005E6BF5 /* GameScene.swift */; };
		4362603824605106005E6BF5 /* GameViewController.swift in Sources */ = {isa = PBXBuildFile; fileRef = 4362603724605106005E6BF5 /* GameViewController.swift */; };
		4362603B24605106005E6BF5 /* Main.storyboard in Resources */ = {isa = PBXBuildFile; fileRef = 4362603924605106005E6BF5 /* Main.storyboard */; };
		4362603D2460510B005E6BF5 /* Assets.xcassets in Resources */ = {isa = PBXBuildFile; fileRef = 4362603C2460510B005E6BF5 /* Assets.xcassets */; };
		436260402460510B005E6BF5 /* LaunchScreen.storyboard in Resources */ = {isa = PBXBuildFile; fileRef = 4362603E2460510B005E6BF5 /* LaunchScreen.storyboard */; };
		4362605424606661005E6BF5 /* sliceFuse.sks in Resources */ = {isa = PBXBuildFile; fileRef = 4362605324606661005E6BF5 /* sliceFuse.sks */; };
		436260562462AC30005E6BF5 /* sliceHitEnemy.sks in Resources */ = {isa = PBXBuildFile; fileRef = 436260552462AC30005E6BF5 /* sliceHitEnemy.sks */; };
		4362605A2462AD8A005E6BF5 /* sliceHitBomb.sks in Resources */ = {isa = PBXBuildFile; fileRef = 436260592462AD8A005E6BF5 /* sliceHitBomb.sks */; };
		4362605F2462AEDC005E6BF5 /* launch.caf in Resources */ = {isa = PBXBuildFile; fileRef = 436260512460639B005E6BF5 /* launch.caf */; };
		436260602462AEDC005E6BF5 /* explosion.caf in Resources */ = {isa = PBXBuildFile; fileRef = 4362605B2462AE30005E6BF5 /* explosion.caf */; };
		436260612462AEDC005E6BF5 /* swoosh1.caf in Resources */ = {isa = PBXBuildFile; fileRef = 4362604C24605AC1005E6BF5 /* swoosh1.caf */; };
		436260622462AEDC005E6BF5 /* swoosh2.caf in Resources */ = {isa = PBXBuildFile; fileRef = 4362604D24605AC1005E6BF5 /* swoosh2.caf */; };
		436260632462AEDC005E6BF5 /* swoosh3.caf in Resources */ = {isa = PBXBuildFile; fileRef = 4362604B24605AC1005E6BF5 /* swoosh3.caf */; };
		436260642462AEDC005E6BF5 /* wrong.caf in Resources */ = {isa = PBXBuildFile; fileRef = 4362605C2462AED7005E6BF5 /* wrong.caf */; };
		436260652462AEDC005E6BF5 /* whack.caf in Resources */ = {isa = PBXBuildFile; fileRef = 436260572462AD00005E6BF5 /* whack.caf */; };
/* End PBXBuildFile section */

/* Begin PBXFileReference section */
		4362602C24605106005E6BF5 /* SwiftyNinja.app */ = {isa = PBXFileReference; explicitFileType = wrapper.application; includeInIndex = 0; path = SwiftyNinja.app; sourceTree = BUILT_PRODUCTS_DIR; };
		4362602F24605106005E6BF5 /* AppDelegate.swift */ = {isa = PBXFileReference; lastKnownFileType = sourcecode.swift; path = AppDelegate.swift; sourceTree = "<group>"; };
		4362603124605106005E6BF5 /* GameScene.sks */ = {isa = PBXFileReference; lastKnownFileType = file.sks; path = GameScene.sks; sourceTree = "<group>"; };
		4362603324605106005E6BF5 /* Actions.sks */ = {isa = PBXFileReference; lastKnownFileType = file.sks; path = Actions.sks; sourceTree = "<group>"; };
		4362603524605106005E6BF5 /* GameScene.swift */ = {isa = PBXFileReference; lastKnownFileType = sourcecode.swift; path = GameScene.swift; sourceTree = "<group>"; };
		4362603724605106005E6BF5 /* GameViewController.swift */ = {isa = PBXFileReference; lastKnownFileType = sourcecode.swift; path = GameViewController.swift; sourceTree = "<group>"; };
		4362603A24605106005E6BF5 /* Base */ = {isa = PBXFileReference; lastKnownFileType = file.storyboard; name = Base; path = Base.lproj/Main.storyboard; sourceTree = "<group>"; };
		4362603C2460510B005E6BF5 /* Assets.xcassets */ = {isa = PBXFileReference; lastKnownFileType = folder.assetcatalog; path = Assets.xcassets; sourceTree = "<group>"; };
		4362603F2460510B005E6BF5 /* Base */ = {isa = PBXFileReference; lastKnownFileType = file.storyboard; name = Base; path = Base.lproj/LaunchScreen.storyboard; sourceTree = "<group>"; };
		436260412460510B005E6BF5 /* Info.plist */ = {isa = PBXFileReference; lastKnownFileType = text.plist.xml; path = Info.plist; sourceTree = "<group>"; };
		4362604B24605AC1005E6BF5 /* swoosh3.caf */ = {isa = PBXFileReference; lastKnownFileType = file; name = swoosh3.caf; path = Assets.xcassets/swoosh3.dataset/swoosh3.caf; sourceTree = "<group>"; };
		4362604C24605AC1005E6BF5 /* swoosh1.caf */ = {isa = PBXFileReference; lastKnownFileType = file; name = swoosh1.caf; path = Assets.xcassets/swoosh1.dataset/swoosh1.caf; sourceTree = "<group>"; };
		4362604D24605AC1005E6BF5 /* swoosh2.caf */ = {isa = PBXFileReference; lastKnownFileType = file; name = swoosh2.caf; path = Assets.xcassets/swoosh2.dataset/swoosh2.caf; sourceTree = "<group>"; };
		436260512460639B005E6BF5 /* launch.caf */ = {isa = PBXFileReference; lastKnownFileType = file; name = launch.caf; path = Assets.xcassets/launch.dataset/launch.caf; sourceTree = "<group>"; };
		4362605324606661005E6BF5 /* sliceFuse.sks */ = {isa = PBXFileReference; lastKnownFileType = file.sks; name = sliceFuse.sks; path = Assets.xcassets/sliceFuse.dataset/sliceFuse.sks; sourceTree = "<group>"; };
		436260552462AC30005E6BF5 /* sliceHitEnemy.sks */ = {isa = PBXFileReference; lastKnownFileType = file.sks; name = sliceHitEnemy.sks; path = Assets.xcassets/sliceHitEnemy.dataset/sliceHitEnemy.sks; sourceTree = "<group>"; };
		436260572462AD00005E6BF5 /* whack.caf */ = {isa = PBXFileReference; lastKnownFileType = file; name = whack.caf; path = Assets.xcassets/whack.dataset/whack.caf; sourceTree = "<group>"; };
		436260592462AD8A005E6BF5 /* sliceHitBomb.sks */ = {isa = PBXFileReference; lastKnownFileType = file.sks; name = sliceHitBomb.sks; path = Assets.xcassets/sliceHitBomb.dataset/sliceHitBomb.sks; sourceTree = "<group>"; };
		4362605B2462AE30005E6BF5 /* explosion.caf */ = {isa = PBXFileReference; lastKnownFileType = file; name = explosion.caf; path = Assets.xcassets/explosion.dataset/explosion.caf; sourceTree = "<group>"; };
		4362605C2462AED7005E6BF5 /* wrong.caf */ = {isa = PBXFileReference; lastKnownFileType = file; name = wrong.caf; path = Assets.xcassets/wrong.dataset/wrong.caf; sourceTree = "<group>"; };
/* End PBXFileReference section */

/* Begin PBXFrameworksBuildPhase section */
		4362602924605106005E6BF5 /* Frameworks */ = {
			isa = PBXFrameworksBuildPhase;
			buildActionMask = 2147483647;
			files = (
			);
			runOnlyForDeploymentPostprocessing = 0;
		};
/* End PBXFrameworksBuildPhase section */

/* Begin PBXGroup section */
		4362602324605106005E6BF5 = {
			isa = PBXGroup;
			children = (
				4362602E24605106005E6BF5 /* SwiftyNinja */,
				4362602D24605106005E6BF5 /* Products */,
			);
			sourceTree = "<group>";
		};
		4362602D24605106005E6BF5 /* Products */ = {
			isa = PBXGroup;
			children = (
				4362602C24605106005E6BF5 /* SwiftyNinja.app */,
			);
			name = Products;
			sourceTree = "<group>";
		};
		4362602E24605106005E6BF5 /* SwiftyNinja */ = {
			isa = PBXGroup;
			children = (
				4362602F24605106005E6BF5 /* AppDelegate.swift */,
				4362603124605106005E6BF5 /* GameScene.sks */,
				4362603324605106005E6BF5 /* Actions.sks */,
				4362603524605106005E6BF5 /* GameScene.swift */,
				4362603724605106005E6BF5 /* GameViewController.swift */,
				4362603924605106005E6BF5 /* Main.storyboard */,
				4362603C2460510B005E6BF5 /* Assets.xcassets */,
				436260512460639B005E6BF5 /* launch.caf */,
				4362605B2462AE30005E6BF5 /* explosion.caf */,
				4362604C24605AC1005E6BF5 /* swoosh1.caf */,
				4362604D24605AC1005E6BF5 /* swoosh2.caf */,
				4362604B24605AC1005E6BF5 /* swoosh3.caf */,
				4362605C2462AED7005E6BF5 /* wrong.caf */,
				436260572462AD00005E6BF5 /* whack.caf */,
				4362605324606661005E6BF5 /* sliceFuse.sks */,
				436260592462AD8A005E6BF5 /* sliceHitBomb.sks */,
				436260552462AC30005E6BF5 /* sliceHitEnemy.sks */,
				4362603E2460510B005E6BF5 /* LaunchScreen.storyboard */,
				436260412460510B005E6BF5 /* Info.plist */,
			);
			path = SwiftyNinja;
			sourceTree = "<group>";
		};
/* End PBXGroup section */

/* Begin PBXNativeTarget section */
		4362602B24605106005E6BF5 /* SwiftyNinja */ = {
			isa = PBXNativeTarget;
			buildConfigurationList = 436260442460510B005E6BF5 /* Build configuration list for PBXNativeTarget "SwiftyNinja" */;
			buildPhases = (
				4362602824605106005E6BF5 /* Sources */,
				4362602924605106005E6BF5 /* Frameworks */,
				4362602A24605106005E6BF5 /* Resources */,
			);
			buildRules = (
			);
			dependencies = (
			);
			name = SwiftyNinja;
			productName = SwiftyNinja;
			productReference = 4362602C24605106005E6BF5 /* SwiftyNinja.app */;
			productType = "com.apple.product-type.application";
		};
/* End PBXNativeTarget section */

/* Begin PBXProject section */
		4362602424605106005E6BF5 /* Project object */ = {
			isa = PBXProject;
			attributes = {
				LastSwiftUpdateCheck = 1140;
				LastUpgradeCheck = 1140;
				ORGANIZATIONNAME = "Benjamin van den Hout";
				TargetAttributes = {
					4362602B24605106005E6BF5 = {
						CreatedOnToolsVersion = 11.4.1;
					};
				};
			};
			buildConfigurationList = 4362602724605106005E6BF5 /* Build configuration list for PBXProject "SwiftyNinja" */;
			compatibilityVersion = "Xcode 9.3";
			developmentRegion = en;
			hasScannedForEncodings = 0;
			knownRegions = (
				en,
				Base,
			);
			mainGroup = 4362602324605106005E6BF5;
			productRefGroup = 4362602D24605106005E6BF5 /* Products */;
			projectDirPath = "";
			projectRoot = "";
			targets = (
				4362602B24605106005E6BF5 /* SwiftyNinja */,
			);
		};
/* End PBXProject section */

/* Begin PBXResourcesBuildPhase section */
		4362602A24605106005E6BF5 /* Resources */ = {
			isa = PBXResourcesBuildPhase;
			buildActionMask = 2147483647;
			files = (
				436260642462AEDC005E6BF5 /* wrong.caf in Resources */,
				4362603B24605106005E6BF5 /* Main.storyboard in Resources */,
				4362603224605106005E6BF5 /* GameScene.sks in Resources */,
				436260602462AEDC005E6BF5 /* explosion.caf in Resources */,
				4362603D2460510B005E6BF5 /* Assets.xcassets in Resources */,
				436260612462AEDC005E6BF5 /* swoosh1.caf in Resources */,
				436260402460510B005E6BF5 /* LaunchScreen.storyboard in Resources */,
				4362605A2462AD8A005E6BF5 /* sliceHitBomb.sks in Resources */,
				4362603424605106005E6BF5 /* Actions.sks in Resources */,
				436260622462AEDC005E6BF5 /* swoosh2.caf in Resources */,
				4362605424606661005E6BF5 /* sliceFuse.sks in Resources */,
				436260652462AEDC005E6BF5 /* whack.caf in Resources */,
				436260632462AEDC005E6BF5 /* swoosh3.caf in Resources */,
				4362605F2462AEDC005E6BF5 /* launch.caf in Resources */,
				436260562462AC30005E6BF5 /* sliceHitEnemy.sks in Resources */,
			);
			runOnlyForDeploymentPostprocessing = 0;
		};
/* End PBXResourcesBuildPhase section */

/* Begin PBXSourcesBuildPhase section */
		4362602824605106005E6BF5 /* Sources */ = {
			isa = PBXSourcesBuildPhase;
			buildActionMask = 2147483647;
			files = (
				4362603624605106005E6BF5 /* GameScene.swift in Sources */,
				4362603824605106005E6BF5 /* GameViewController.swift in Sources */,
				4362603024605106005E6BF5 /* AppDelegate.swift in Sources */,
			);
			runOnlyForDeploymentPostprocessing = 0;
		};
/* End PBXSourcesBuildPhase section */

/* Begin PBXVariantGroup section */
		4362603924605106005E6BF5 /* Main.storyboard */ = {
			isa = PBXVariantGroup;
			children = (
				4362603A24605106005E6BF5 /* Base */,
			);
			name = Main.storyboard;
			sourceTree = "<group>";
		};
		4362603E2460510B005E6BF5 /* LaunchScreen.storyboard */ = {
			isa = PBXVariantGroup;
			children = (
				4362603F2460510B005E6BF5 /* Base */,
			);
			name = LaunchScreen.storyboard;
			sourceTree = "<group>";
		};
/* End PBXVariantGroup section */

/* Begin XCBuildConfiguration section */
		436260422460510B005E6BF5 /* Debug */ = {
			isa = XCBuildConfiguration;
			buildSettings = {
				ALWAYS_SEARCH_USER_PATHS = NO;
				CLANG_ANALYZER_NONNULL = YES;
				CLANG_ANALYZER_NUMBER_OBJECT_CONVERSION = YES_AGGRESSIVE;
				CLANG_CXX_LANGUAGE_STANDARD = "gnu++14";
				CLANG_CXX_LIBRARY = "libc++";
				CLANG_ENABLE_MODULES = YES;
				CLANG_ENABLE_OBJC_ARC = YES;
				CLANG_ENABLE_OBJC_WEAK = YES;
				CLANG_WARN_BLOCK_CAPTURE_AUTORELEASING = YES;
				CLANG_WARN_BOOL_CONVERSION = YES;
				CLANG_WARN_COMMA = YES;
				CLANG_WARN_CONSTANT_CONVERSION = YES;
				CLANG_WARN_DEPRECATED_OBJC_IMPLEMENTATIONS = YES;
				CLANG_WARN_DIRECT_OBJC_ISA_USAGE = YES_ERROR;
				CLANG_WARN_DOCUMENTATION_COMMENTS = YES;
				CLANG_WARN_EMPTY_BODY = YES;
				CLANG_WARN_ENUM_CONVERSION = YES;
				CLANG_WARN_INFINITE_RECURSION = YES;
				CLANG_WARN_INT_CONVERSION = YES;
				CLANG_WARN_NON_LITERAL_NULL_CONVERSION = YES;
				CLANG_WARN_OBJC_IMPLICIT_RETAIN_SELF = YES;
				CLANG_WARN_OBJC_LITERAL_CONVERSION = YES;
				CLANG_WARN_OBJC_ROOT_CLASS = YES_ERROR;
				CLANG_WARN_RANGE_LOOP_ANALYSIS = YES;
				CLANG_WARN_STRICT_PROTOTYPES = YES;
				CLANG_WARN_SUSPICIOUS_MOVE = YES;
				CLANG_WARN_UNGUARDED_AVAILABILITY = YES_AGGRESSIVE;
				CLANG_WARN_UNREACHABLE_CODE = YES;
				CLANG_WARN__DUPLICATE_METHOD_MATCH = YES;
				COPY_PHASE_STRIP = NO;
				DEBUG_INFORMATION_FORMAT = dwarf;
				ENABLE_STRICT_OBJC_MSGSEND = YES;
				ENABLE_TESTABILITY = YES;
				GCC_C_LANGUAGE_STANDARD = gnu11;
				GCC_DYNAMIC_NO_PIC = NO;
				GCC_NO_COMMON_BLOCKS = YES;
				GCC_OPTIMIZATION_LEVEL = 0;
				GCC_PREPROCESSOR_DEFINITIONS = (
					"DEBUG=1",
					"$(inherited)",
				);
				GCC_WARN_64_TO_32_BIT_CONVERSION = YES;
				GCC_WARN_ABOUT_RETURN_TYPE = YES_ERROR;
				GCC_WARN_UNDECLARED_SELECTOR = YES;
				GCC_WARN_UNINITIALIZED_AUTOS = YES_AGGRESSIVE;
				GCC_WARN_UNUSED_FUNCTION = YES;
				GCC_WARN_UNUSED_VARIABLE = YES;
				IPHONEOS_DEPLOYMENT_TARGET = 13.4;
				MTL_ENABLE_DEBUG_INFO = INCLUDE_SOURCE;
				MTL_FAST_MATH = YES;
				ONLY_ACTIVE_ARCH = YES;
				SDKROOT = iphoneos;
				SWIFT_ACTIVE_COMPILATION_CONDITIONS = DEBUG;
				SWIFT_OPTIMIZATION_LEVEL = "-Onone";
			};
			name = Debug;
		};
		436260432460510B005E6BF5 /* Release */ = {
			isa = XCBuildConfiguration;
			buildSettings = {
				ALWAYS_SEARCH_USER_PATHS = NO;
				CLANG_ANALYZER_NONNULL = YES;
				CLANG_ANALYZER_NUMBER_OBJECT_CONVERSION = YES_AGGRESSIVE;
				CLANG_CXX_LANGUAGE_STANDARD = "gnu++14";
				CLANG_CXX_LIBRARY = "libc++";
				CLANG_ENABLE_MODULES = YES;
				CLANG_ENABLE_OBJC_ARC = YES;
				CLANG_ENABLE_OBJC_WEAK = YES;
				CLANG_WARN_BLOCK_CAPTURE_AUTORELEASING = YES;
				CLANG_WARN_BOOL_CONVERSION = YES;
				CLANG_WARN_COMMA = YES;
				CLANG_WARN_CONSTANT_CONVERSION = YES;
				CLANG_WARN_DEPRECATED_OBJC_IMPLEMENTATIONS = YES;
				CLANG_WARN_DIRECT_OBJC_ISA_USAGE = YES_ERROR;
				CLANG_WARN_DOCUMENTATION_COMMENTS = YES;
				CLANG_WARN_EMPTY_BODY = YES;
				CLANG_WARN_ENUM_CONVERSION = YES;
				CLANG_WARN_INFINITE_RECURSION = YES;
				CLANG_WARN_INT_CONVERSION = YES;
				CLANG_WARN_NON_LITERAL_NULL_CONVERSION = YES;
				CLANG_WARN_OBJC_IMPLICIT_RETAIN_SELF = YES;
				CLANG_WARN_OBJC_LITERAL_CONVERSION = YES;
				CLANG_WARN_OBJC_ROOT_CLASS = YES_ERROR;
				CLANG_WARN_RANGE_LOOP_ANALYSIS = YES;
				CLANG_WARN_STRICT_PROTOTYPES = YES;
				CLANG_WARN_SUSPICIOUS_MOVE = YES;
				CLANG_WARN_UNGUARDED_AVAILABILITY = YES_AGGRESSIVE;
				CLANG_WARN_UNREACHABLE_CODE = YES;
				CLANG_WARN__DUPLICATE_METHOD_MATCH = YES;
				COPY_PHASE_STRIP = NO;
				DEBUG_INFORMATION_FORMAT = "dwarf-with-dsym";
				ENABLE_NS_ASSERTIONS = NO;
				ENABLE_STRICT_OBJC_MSGSEND = YES;
				GCC_C_LANGUAGE_STANDARD = gnu11;
				GCC_NO_COMMON_BLOCKS = YES;
				GCC_WARN_64_TO_32_BIT_CONVERSION = YES;
				GCC_WARN_ABOUT_RETURN_TYPE = YES_ERROR;
				GCC_WARN_UNDECLARED_SELECTOR = YES;
				GCC_WARN_UNINITIALIZED_AUTOS = YES_AGGRESSIVE;
				GCC_WARN_UNUSED_FUNCTION = YES;
				GCC_WARN_UNUSED_VARIABLE = YES;
				IPHONEOS_DEPLOYMENT_TARGET = 13.4;
				MTL_ENABLE_DEBUG_INFO = NO;
				MTL_FAST_MATH = YES;
				SDKROOT = iphoneos;
				SWIFT_COMPILATION_MODE = wholemodule;
				SWIFT_OPTIMIZATION_LEVEL = "-O";
				VALIDATE_PRODUCT = YES;
			};
			name = Release;
		};
		436260452460510B005E6BF5 /* Debug */ = {
			isa = XCBuildConfiguration;
			buildSettings = {
				ASSETCATALOG_COMPILER_APPICON_NAME = AppIcon;
				CODE_SIGN_STYLE = Automatic;
				DEVELOPMENT_TEAM = DY5CLZADYD;
				INFOPLIST_FILE = SwiftyNinja/Info.plist;
				LD_RUNPATH_SEARCH_PATHS = (
					"$(inherited)",
					"@executable_path/Frameworks",
				);
				PRODUCT_BUNDLE_IDENTIFIER = info.smork.SwiftyNinja;
				PRODUCT_NAME = "$(TARGET_NAME)";
				SWIFT_VERSION = 5.0;
				TARGETED_DEVICE_FAMILY = 2;
			};
			name = Debug;
		};
		436260462460510B005E6BF5 /* Release */ = {
			isa = XCBuildConfiguration;
			buildSettings = {
				ASSETCATALOG_COMPILER_APPICON_NAME = AppIcon;
				CODE_SIGN_STYLE = Automatic;
				DEVELOPMENT_TEAM = DY5CLZADYD;
				INFOPLIST_FILE = SwiftyNinja/Info.plist;
				LD_RUNPATH_SEARCH_PATHS = (
					"$(inherited)",
					"@executable_path/Frameworks",
				);
				PRODUCT_BUNDLE_IDENTIFIER = info.smork.SwiftyNinja;
				PRODUCT_NAME = "$(TARGET_NAME)";
				SWIFT_VERSION = 5.0;
				TARGETED_DEVICE_FAMILY = 2;
			};
			name = Release;
		};
/* End XCBuildConfiguration section */

/* Begin XCConfigurationList section */
		4362602724605106005E6BF5 /* Build configuration list for PBXProject "SwiftyNinja" */ = {
			isa = XCConfigurationList;
			buildConfigurations = (
				436260422460510B005E6BF5 /* Debug */,
				436260432460510B005E6BF5 /* Release */,
			);
			defaultConfigurationIsVisible = 0;
			defaultConfigurationName = Release;
		};
		436260442460510B005E6BF5 /* Build configuration list for PBXNativeTarget "SwiftyNinja" */ = {
			isa = XCConfigurationList;
			buildConfigurations = (
				436260452460510B005E6BF5 /* Debug */,
				436260462460510B005E6BF5 /* Release */,
			);
			defaultConfigurationIsVisible = 0;
			defaultConfigurationName = Release;
		};
/* End XCConfigurationList section */
	};
	rootObject = 4362602424605106005E6BF5 /* Project object */;
}
